
Microsoft Visual Studio Solution File, Format Version 12.00
# Visual Studio Version 17
VisualStudioVersion = 17.2.32602.215
MinimumVisualStudioVersion = 10.0.40219.1
Project("{FAE04EC0-301F-11D3-BF4B-00C04F79EFBC}") = "DateTime Excercise", "DateTime Excercise.csproj", "{83E496FC-8CE6-491C-B27A-1F9B9C0D4A68}"
EndProject
Global
	GlobalSection(SolutionConfigurationPlatforms) = preSolution
		Debug|Any CPU = Debug|Any CPU
		Release|Any CPU = Release|Any CPU
	EndGlobalSection
	GlobalSection(ProjectConfigurationPlatforms) = postSolution
		{83E496FC-8CE6-491C-B27A-1F9B9C0D4A68}.Debug|Any CPU.ActiveCfg = Debug|Any CPU
		{83E496FC-8CE6-491C-B27A-1F9B9C0D4A68}.Debug|Any CPU.Build.0 = Debug|Any CPU
		{83E496FC-8CE6-491C-B27A-1F9B9C0D4A68}.Release|Any CPU.ActiveCfg = Release|Any CPU
		{83E496FC-8CE6-491C-B27A-1F9B9C0D4A68}.Release|Any CPU.Build.0 = Release|Any CPU
	EndGlobalSection
	GlobalSection(SolutionProperties) = preSolution
		HideSolutionNode = FALSE
	EndGlobalSection
	GlobalSection(ExtensibilityGlobals) = postSolution
		SolutionGuid = {80661071-5310-40AD-A350-1751B0D5F273}
	EndGlobalSection
EndGlobal
